
Microsoft Visual Studio Solution File, Format Version 12.00
# Visual Studio Version 16
VisualStudioVersion = 16.0.30503.244
MinimumVisualStudioVersion = 10.0.40219.1
Project("{FAE04EC0-301F-11D3-BF4B-00C04F79EFBC}") = "LOG430-TP", "LOG430-TP\LOG430-TP.csproj", "{9F39BE6C-5593-4017-8A98-EDC87F6C7CED}"
EndProject
Global
	GlobalSection(SolutionConfigurationPlatforms) = preSolution
		Debug|Any CPU = Debug|Any CPU
		Release|Any CPU = Release|Any CPU
	EndGlobalSection
	GlobalSection(ProjectConfigurationPlatforms) = postSolution
		{9F39BE6C-5593-4017-8A98-EDC87F6C7CED}.Debug|Any CPU.ActiveCfg = Debug|Any CPU
		{9F39BE6C-5593-4017-8A98-EDC87F6C7CED}.Debug|Any CPU.Build.0 = Debug|Any CPU
		{9F39BE6C-5593-4017-8A98-EDC87F6C7CED}.Release|Any CPU.ActiveCfg = Release|Any CPU
		{9F39BE6C-5593-4017-8A98-EDC87F6C7CED}.Release|Any CPU.Build.0 = Release|Any CPU
	EndGlobalSection
	GlobalSection(SolutionProperties) = preSolution
		HideSolutionNode = FALSE
	EndGlobalSection
	GlobalSection(ExtensibilityGlobals) = postSolution
		SolutionGuid = {C525C3F1-EB6C-47BF-AE3B-EFF95FE426C8}
	EndGlobalSection
EndGlobal
